
Microsoft Visual Studio Solution File, Format Version 12.00
# Visual Studio 14
VisualStudioVersion = 14.0.25420.1
MinimumVisualStudioVersion = 10.0.40219.1
Project("{FAE04EC0-301F-11D3-BF4B-00C04F79EFBC}") = "Class8Demo", "Class8Demo\Class8Demo.csproj", "{43D59B40-79A1-4CCD-A7D4-BB07740508E8}"
EndProject
Project("{FAE04EC0-301F-11D3-BF4B-00C04F79EFBC}") = "CsharpDemo", "CsharpDemo\CsharpDemo.csproj", "{277D7950-25A2-4438-980C-EDCDBB8F7701}"
EndProject
Project("{FAE04EC0-301F-11D3-BF4B-00C04F79EFBC}") = "HomeWorkDemo", "HomeWorkDemo\HomeWorkDemo.csproj", "{67D9B885-8322-42F6-9BB2-94D9411FCD21}"
EndProject
Global
	GlobalSection(SolutionConfigurationPlatforms) = preSolution
		Debug|Any CPU = Debug|Any CPU
		Debug|ARM = Debug|ARM
		Debug|x64 = Debug|x64
		Debug|x86 = Debug|x86
		Release|Any CPU = Release|Any CPU
		Release|ARM = Release|ARM
		Release|x64 = Release|x64
		Release|x86 = Release|x86
	EndGlobalSection
	GlobalSection(ProjectConfigurationPlatforms) = postSolution
		{43D59B40-79A1-4CCD-A7D4-BB07740508E8}.Debug|Any CPU.ActiveCfg = Debug|x86
		{43D59B40-79A1-4CCD-A7D4-BB07740508E8}.Debug|ARM.ActiveCfg = Debug|ARM
		{43D59B40-79A1-4CCD-A7D4-BB07740508E8}.Debug|ARM.Build.0 = Debug|ARM
		{43D59B40-79A1-4CCD-A7D4-BB07740508E8}.Debug|ARM.Deploy.0 = Debug|ARM
		{43D59B40-79A1-4CCD-A7D4-BB07740508E8}.Debug|x64.ActiveCfg = Debug|x64
		{43D59B40-79A1-4CCD-A7D4-BB07740508E8}.Debug|x64.Build.0 = Debug|x64
		{43D59B40-79A1-4CCD-A7D4-BB07740508E8}.Debug|x64.Deploy.0 = Debug|x64
		{43D59B40-79A1-4CCD-A7D4-BB07740508E8}.Debug|x86.ActiveCfg = Debug|x86
		{43D59B40-79A1-4CCD-A7D4-BB07740508E8}.Debug|x86.Build.0 = Debug|x86
		{43D59B40-79A1-4CCD-A7D4-BB07740508E8}.Debug|x86.Deploy.0 = Debug|x86
		{43D59B40-79A1-4CCD-A7D4-BB07740508E8}.Release|Any CPU.ActiveCfg = Release|x86
		{43D59B40-79A1-4CCD-A7D4-BB07740508E8}.Release|ARM.ActiveCfg = Release|ARM
		{43D59B40-79A1-4CCD-A7D4-BB07740508E8}.Release|ARM.Build.0 = Release|ARM
		{43D59B40-79A1-4CCD-A7D4-BB07740508E8}.Release|ARM.Deploy.0 = Release|ARM
		{43D59B40-79A1-4CCD-A7D4-BB07740508E8}.Release|x64.ActiveCfg = Release|x64
		{43D59B40-79A1-4CCD-A7D4-BB07740508E8}.Release|x64.Build.0 = Release|x64
		{43D59B40-79A1-4CCD-A7D4-BB07740508E8}.Release|x64.Deploy.0 = Release|x64
		{43D59B40-79A1-4CCD-A7D4-BB07740508E8}.Release|x86.ActiveCfg = Release|x86
		{43D59B40-79A1-4CCD-A7D4-BB07740508E8}.Release|x86.Build.0 = Release|x86
		{43D59B40-79A1-4CCD-A7D4-BB07740508E8}.Release|x86.Deploy.0 = Release|x86
		{277D7950-25A2-4438-980C-EDCDBB8F7701}.Debug|Any CPU.ActiveCfg = Debug|Any CPU
		{277D7950-25A2-4438-980C-EDCDBB8F7701}.Debug|Any CPU.Build.0 = Debug|Any CPU
		{277D7950-25A2-4438-980C-EDCDBB8F7701}.Debug|ARM.ActiveCfg = Debug|Any CPU
		{277D7950-25A2-4438-980C-EDCDBB8F7701}.Debug|ARM.Build.0 = Debug|Any CPU
		{277D7950-25A2-4438-980C-EDCDBB8F7701}.Debug|x64.ActiveCfg = Debug|Any CPU
		{277D7950-25A2-4438-980C-EDCDBB8F7701}.Debug|x64.Build.0 = Debug|Any CPU
		{277D7950-25A2-4438-980C-EDCDBB8F7701}.Debug|x86.ActiveCfg = Debug|Any CPU
		{277D7950-25A2-4438-980C-EDCDBB8F7701}.Debug|x86.Build.0 = Debug|Any CPU
		{277D7950-25A2-4438-980C-EDCDBB8F7701}.Release|Any CPU.ActiveCfg = Release|Any CPU
		{277D7950-25A2-4438-980C-EDCDBB8F7701}.Release|Any CPU.Build.0 = Release|Any CPU
		{277D7950-25A2-4438-980C-EDCDBB8F7701}.Release|ARM.ActiveCfg = Release|Any CPU
		{277D7950-25A2-4438-980C-EDCDBB8F7701}.Release|ARM.Build.0 = Release|Any CPU
		{277D7950-25A2-4438-980C-EDCDBB8F7701}.Release|x64.ActiveCfg = Release|Any CPU
		{277D7950-25A2-4438-980C-EDCDBB8F7701}.Release|x64.Build.0 = Release|Any CPU
		{277D7950-25A2-4438-980C-EDCDBB8F7701}.Release|x86.ActiveCfg = Release|Any CPU
		{277D7950-25A2-4438-980C-EDCDBB8F7701}.Release|x86.Build.0 = Release|Any CPU
		{67D9B885-8322-42F6-9BB2-94D9411FCD21}.Debug|Any CPU.ActiveCfg = Debug|x86
		{67D9B885-8322-42F6-9BB2-94D9411FCD21}.Debug|ARM.ActiveCfg = Debug|ARM
		{67D9B885-8322-42F6-9BB2-94D9411FCD21}.Debug|ARM.Build.0 = Debug|ARM
		{67D9B885-8322-42F6-9BB2-94D9411FCD21}.Debug|ARM.Deploy.0 = Debug|ARM
		{67D9B885-8322-42F6-9BB2-94D9411FCD21}.Debug|x64.ActiveCfg = Debug|x64
		{67D9B885-8322-42F6-9BB2-94D9411FCD21}.Debug|x64.Build.0 = Debug|x64
		{67D9B885-8322-42F6-9BB2-94D9411FCD21}.Debug|x64.Deploy.0 = Debug|x64
		{67D9B885-8322-42F6-9BB2-94D9411FCD21}.Debug|x86.ActiveCfg = Debug|x86
		{67D9B885-8322-42F6-9BB2-94D9411FCD21}.Debug|x86.Build.0 = Debug|x86
		{67D9B885-8322-42F6-9BB2-94D9411FCD21}.Debug|x86.Deploy.0 = Debug|x86
		{67D9B885-8322-42F6-9BB2-94D9411FCD21}.Release|Any CPU.ActiveCfg = Release|x86
		{67D9B885-8322-42F6-9BB2-94D9411FCD21}.Release|ARM.ActiveCfg = Release|ARM
		{67D9B885-8322-42F6-9BB2-94D9411FCD21}.Release|ARM.Build.0 = Release|ARM
		{67D9B885-8322-42F6-9BB2-94D9411FCD21}.Release|ARM.Deploy.0 = Release|ARM
		{67D9B885-8322-42F6-9BB2-94D9411FCD21}.Release|x64.ActiveCfg = Release|x64
		{67D9B885-8322-42F6-9BB2-94D9411FCD21}.Release|x64.Build.0 = Release|x64
		{67D9B885-8322-42F6-9BB2-94D9411FCD21}.Release|x64.Deploy.0 = Release|x64
		{67D9B885-8322-42F6-9BB2-94D9411FCD21}.Release|x86.ActiveCfg = Release|x86
		{67D9B885-8322-42F6-9BB2-94D9411FCD21}.Release|x86.Build.0 = Release|x86
		{67D9B885-8322-42F6-9BB2-94D9411FCD21}.Release|x86.Deploy.0 = Release|x86
	EndGlobalSection
	GlobalSection(SolutionProperties) = preSolution
		HideSolutionNode = FALSE
	EndGlobalSection
EndGlobal
